// !$*UTF8*$!
{
	archiveVersion = 1;
	classes = {
	};
	objectVersion = 46;
	objects = {

/* Begin PBXBuildFile section */
		48F1212417EB67FF0079ADB0 /* Cocoa.framework in Frameworks */ = {isa = PBXBuildFile; fileRef = 48F1212317EB67FF0079ADB0 /* Cocoa.framework */; };
		48F1212E17EB67FF0079ADB0 /* InfoPlist.strings in Resources */ = {isa = PBXBuildFile; fileRef = 48F1212C17EB67FF0079ADB0 /* InfoPlist.strings */; };
		48F1213017EB68000079ADB0 /* main.m in Sources */ = {isa = PBXBuildFile; fileRef = 48F1212F17EB68000079ADB0 /* main.m */; };
		48F1213717EB68000079ADB0 /* WHOAppDelegate.m in Sources */ = {isa = PBXBuildFile; fileRef = 48F1213617EB68000079ADB0 /* WHOAppDelegate.m */; };
		48F1213C17EB68000079ADB0 /* Images.xcassets in Resources */ = {isa = PBXBuildFile; fileRef = 48F1213B17EB68000079ADB0 /* Images.xcassets */; };
		48F1214317EB68000079ADB0 /* XCTest.framework in Frameworks */ = {isa = PBXBuildFile; fileRef = 48F1214217EB68000079ADB0 /* XCTest.framework */; };
		48F1214417EB68000079ADB0 /* Cocoa.framework in Frameworks */ = {isa = PBXBuildFile; fileRef = 48F1212317EB67FF0079ADB0 /* Cocoa.framework */; };
		48F1215917EB68820079ADB0 /* SSYWindowHangout.m in Sources */ = {isa = PBXBuildFile; fileRef = 48F1215817EB68820079ADB0 /* SSYWindowHangout.m */; };
		48F1215B17EB78050079ADB0 /* WindowInNib.xib in Resources */ = {isa = PBXBuildFile; fileRef = 48F1215A17EB78050079ADB0 /* WindowInNib.xib */; };
		48F1215F17EB79F20079ADB0 /* MainMenu.xib in Resources */ = {isa = PBXBuildFile; fileRef = 48F1215E17EB79F20079ADB0 /* MainMenu.xib */; };
		48F1216117EB82950079ADB0 /* README.md in Resources */ = {isa = PBXBuildFile; fileRef = 48F1216017EB82950079ADB0 /* README.md */; };
/* End PBXBuildFile section */

/* Begin PBXContainerItemProxy section */
		48F1214517EB68000079ADB0 /* PBXContainerItemProxy */ = {
			isa = PBXContainerItemProxy;
			containerPortal = 48F1211817EB67FF0079ADB0 /* Project object */;
			proxyType = 1;
			remoteGlobalIDString = 48F1211F17EB67FF0079ADB0;
			remoteInfo = SSYWindowHangoutDemo;
		};
/* End PBXContainerItemProxy section */

/* Begin PBXFileReference section */
		48F1212017EB67FF0079ADB0 /* SSYWindowHangoutDemo.app */ = {isa = PBXFileReference; explicitFileType = wrapper.application; includeInIndex = 0; path = SSYWindowHangoutDemo.app; sourceTree = BUILT_PRODUCTS_DIR; };
		48F1212317EB67FF0079ADB0 /* Cocoa.framework */ = {isa = PBXFileReference; lastKnownFileType = wrapper.framework; name = Cocoa.framework; path = System/Library/Frameworks/Cocoa.framework; sourceTree = SDKROOT; };
		48F1212617EB67FF0079ADB0 /* AppKit.framework */ = {isa = PBXFileReference; lastKnownFileType = wrapper.framework; name = AppKit.framework; path = System/Library/Frameworks/AppKit.framework; sourceTree = SDKROOT; };
		48F1212717EB67FF0079ADB0 /* CoreData.framework */ = {isa = PBXFileReference; lastKnownFileType = wrapper.framework; name = CoreData.framework; path = System/Library/Frameworks/CoreData.framework; sourceTree = SDKROOT; };
		48F1212817EB67FF0079ADB0 /* Foundation.framework */ = {isa = PBXFileReference; lastKnownFileType = wrapper.framework; name = Foundation.framework; path = System/Library/Frameworks/Foundation.framework; sourceTree = SDKROOT; };
		48F1212B17EB67FF0079ADB0 /* SSYWindowHangoutDemo-Info.plist */ = {isa = PBXFileReference; lastKnownFileType = text.plist.xml; path = "SSYWindowHangoutDemo-Info.plist"; sourceTree = "<group>"; };
		48F1212D17EB67FF0079ADB0 /* en */ = {isa = PBXFileReference; lastKnownFileType = text.plist.strings; name = en; path = en.lproj/InfoPlist.strings; sourceTree = "<group>"; };
		48F1212F17EB68000079ADB0 /* main.m */ = {isa = PBXFileReference; lastKnownFileType = sourcecode.c.objc; path = main.m; sourceTree = "<group>"; };
		48F1213117EB68000079ADB0 /* SSYWindowHangoutDemo-Prefix.pch */ = {isa = PBXFileReference; lastKnownFileType = sourcecode.c.h; path = "SSYWindowHangoutDemo-Prefix.pch"; sourceTree = "<group>"; };
		48F1213517EB68000079ADB0 /* WHOAppDelegate.h */ = {isa = PBXFileReference; lastKnownFileType = sourcecode.c.h; path = WHOAppDelegate.h; sourceTree = "<group>"; };
		48F1213617EB68000079ADB0 /* WHOAppDelegate.m */ = {isa = PBXFileReference; lastKnownFileType = sourcecode.c.objc; path = WHOAppDelegate.m; sourceTree = "<group>"; };
		48F1213B17EB68000079ADB0 /* Images.xcassets */ = {isa = PBXFileReference; lastKnownFileType = folder.assetcatalog; path = Images.xcassets; sourceTree = "<group>"; };
		48F1214117EB68000079ADB0 /* SSYWindowHangoutDemoTests.xctest */ = {isa = PBXFileReference; explicitFileType = wrapper.cfbundle; includeInIndex = 0; path = SSYWindowHangoutDemoTests.xctest; sourceTree = BUILT_PRODUCTS_DIR; };
		48F1214217EB68000079ADB0 /* XCTest.framework */ = {isa = PBXFileReference; lastKnownFileType = wrapper.framework; name = XCTest.framework; path = Library/Frameworks/XCTest.framework; sourceTree = DEVELOPER_DIR; };
		48F1215717EB68820079ADB0 /* SSYWindowHangout.h */ = {isa = PBXFileReference; fileEncoding = 4; lastKnownFileType = sourcecode.c.h; path = SSYWindowHangout.h; sourceTree = SOURCE_ROOT; };
		48F1215817EB68820079ADB0 /* SSYWindowHangout.m */ = {isa = PBXFileReference; fileEncoding = 4; lastKnownFileType = sourcecode.c.objc; path = SSYWindowHangout.m; sourceTree = SOURCE_ROOT; };
		48F1215A17EB78050079ADB0 /* WindowInNib.xib */ = {isa = PBXFileReference; fileEncoding = 4; lastKnownFileType = file.xib; path = WindowInNib.xib; sourceTree = "<group>"; };
		48F1215E17EB79F20079ADB0 /* MainMenu.xib */ = {isa = PBXFileReference; fileEncoding = 4; lastKnownFileType = file.xib; path = MainMenu.xib; sourceTree = "<group>"; };
		48F1216017EB82950079ADB0 /* README.md */ = {isa = PBXFileReference; fileEncoding = 4; lastKnownFileType = text; path = README.md; sourceTree = "<group>"; };
/* End PBXFileReference section */

/* Begin PBXFrameworksBuildPhase section */
		48F1211D17EB67FF0079ADB0 /* Frameworks */ = {
			isa = PBXFrameworksBuildPhase;
			buildActionMask = 2147483647;
			files = (
				48F1212417EB67FF0079ADB0 /* Cocoa.framework in Frameworks */,
			);
			runOnlyForDeploymentPostprocessing = 0;
		};
		48F1213E17EB68000079ADB0 /* Frameworks */ = {
			isa = PBXFrameworksBuildPhase;
			buildActionMask = 2147483647;
			files = (
				48F1214417EB68000079ADB0 /* Cocoa.framework in Frameworks */,
				48F1214317EB68000079ADB0 /* XCTest.framework in Frameworks */,
			);
			runOnlyForDeploymentPostprocessing = 0;
		};
/* End PBXFrameworksBuildPhase section */

/* Begin PBXGroup section */
		48F1211717EB67FF0079ADB0 = {
			isa = PBXGroup;
			children = (
				48F1216017EB82950079ADB0 /* README.md */,
				48F1215717EB68820079ADB0 /* SSYWindowHangout.h */,
				48F1215817EB68820079ADB0 /* SSYWindowHangout.m */,
				48F1212917EB67FF0079ADB0 /* SSYWindowHangoutDemo */,
				48F1212217EB67FF0079ADB0 /* Frameworks */,
				48F1212117EB67FF0079ADB0 /* Products */,
			);
			sourceTree = "<group>";
		};
		48F1212117EB67FF0079ADB0 /* Products */ = {
			isa = PBXGroup;
			children = (
				48F1212017EB67FF0079ADB0 /* SSYWindowHangoutDemo.app */,
				48F1214117EB68000079ADB0 /* SSYWindowHangoutDemoTests.xctest */,
			);
			name = Products;
			sourceTree = "<group>";
		};
		48F1212217EB67FF0079ADB0 /* Frameworks */ = {
			isa = PBXGroup;
			children = (
				48F1212317EB67FF0079ADB0 /* Cocoa.framework */,
				48F1214217EB68000079ADB0 /* XCTest.framework */,
				48F1212517EB67FF0079ADB0 /* Other Frameworks */,
			);
			name = Frameworks;
			sourceTree = "<group>";
		};
		48F1212517EB67FF0079ADB0 /* Other Frameworks */ = {
			isa = PBXGroup;
			children = (
				48F1212617EB67FF0079ADB0 /* AppKit.framework */,
				48F1212717EB67FF0079ADB0 /* CoreData.framework */,
				48F1212817EB67FF0079ADB0 /* Foundation.framework */,
			);
			name = "Other Frameworks";
			sourceTree = "<group>";
		};
		48F1212917EB67FF0079ADB0 /* SSYWindowHangoutDemo */ = {
			isa = PBXGroup;
			children = (
				48F1215E17EB79F20079ADB0 /* MainMenu.xib */,
				48F1213517EB68000079ADB0 /* WHOAppDelegate.h */,
				48F1213617EB68000079ADB0 /* WHOAppDelegate.m */,
				48F1215A17EB78050079ADB0 /* WindowInNib.xib */,
				48F1213B17EB68000079ADB0 /* Images.xcassets */,
				48F1212B17EB67FF0079ADB0 /* SSYWindowHangoutDemo-Info.plist */,
				48F1212C17EB67FF0079ADB0 /* InfoPlist.strings */,
				48F1212F17EB68000079ADB0 /* main.m */,
				48F1213117EB68000079ADB0 /* SSYWindowHangoutDemo-Prefix.pch */,
			);
			path = SSYWindowHangoutDemo;
			sourceTree = "<group>";
		};
/* End PBXGroup section */

/* Begin PBXNativeTarget section */
		48F1211F17EB67FF0079ADB0 /* SSYWindowHangoutDemo */ = {
			isa = PBXNativeTarget;
			buildConfigurationList = 48F1215117EB68000079ADB0 /* Build configuration list for PBXNativeTarget "SSYWindowHangoutDemo" */;
			buildPhases = (
				48F1211C17EB67FF0079ADB0 /* Sources */,
				48F1211D17EB67FF0079ADB0 /* Frameworks */,
				48F1211E17EB67FF0079ADB0 /* Resources */,
			);
			buildRules = (
			);
			dependencies = (
			);
			name = SSYWindowHangoutDemo;
			productName = SSYWindowHangoutDemo;
			productReference = 48F1212017EB67FF0079ADB0 /* SSYWindowHangoutDemo.app */;
			productType = "com.apple.product-type.application";
		};
		48F1214017EB68000079ADB0 /* SSYWindowHangoutDemoTests */ = {
			isa = PBXNativeTarget;
			buildConfigurationList = 48F1215417EB68000079ADB0 /* Build configuration list for PBXNativeTarget "SSYWindowHangoutDemoTests" */;
			buildPhases = (
				48F1213D17EB68000079ADB0 /* Sources */,
				48F1213E17EB68000079ADB0 /* Frameworks */,
				48F1213F17EB68000079ADB0 /* Resources */,
			);
			buildRules = (
			);
			dependencies = (
				48F1214617EB68000079ADB0 /* PBXTargetDependency */,
			);
			name = SSYWindowHangoutDemoTests;
			productName = SSYWindowHangoutDemoTests;
			productReference = 48F1214117EB68000079ADB0 /* SSYWindowHangoutDemoTests.xctest */;
			productType = "com.apple.product-type.bundle.unit-test";
		};
/* End PBXNativeTarget section */

/* Begin PBXProject section */
		48F1211817EB67FF0079ADB0 /* Project object */ = {
			isa = PBXProject;
			attributes = {
				CLASSPREFIX = WHO;
				LastUpgradeCheck = 0500;
				ORGANIZATIONNAME = Jerry;
				TargetAttributes = {
					48F1214017EB68000079ADB0 = {
						TestTargetID = 48F1211F17EB67FF0079ADB0;
					};
				};
			};
			buildConfigurationList = 48F1211B17EB67FF0079ADB0 /* Build configuration list for PBXProject "SSYWindowHangoutDemo" */;
			compatibilityVersion = "Xcode 3.2";
			developmentRegion = English;
			hasScannedForEncodings = 0;
			knownRegions = (
				en,
				Base,
			);
			mainGroup = 48F1211717EB67FF0079ADB0;
			productRefGroup = 48F1212117EB67FF0079ADB0 /* Products */;
			projectDirPath = "";
			projectRoot = "";
			targets = (
				48F1211F17EB67FF0079ADB0 /* SSYWindowHangoutDemo */,
				48F1214017EB68000079ADB0 /* SSYWindowHangoutDemoTests */,
			);
		};
/* End PBXProject section */

/* Begin PBXResourcesBuildPhase section */
		48F1211E17EB67FF0079ADB0 /* Resources */ = {
			isa = PBXResourcesBuildPhase;
			buildActionMask = 2147483647;
			files = (
				48F1215F17EB79F20079ADB0 /* MainMenu.xib in Resources */,
				48F1212E17EB67FF0079ADB0 /* InfoPlist.strings in Resources */,
				48F1216117EB82950079ADB0 /* README.md in Resources */,
				48F1213C17EB68000079ADB0 /* Images.xcassets in Resources */,
				48F1215B17EB78050079ADB0 /* WindowInNib.xib in Resources */,
			);
			runOnlyForDeploymentPostprocessing = 0;
		};
		48F1213F17EB68000079ADB0 /* Resources */ = {
			isa = PBXResourcesBuildPhase;
			buildActionMask = 2147483647;
			files = (
			);
			runOnlyForDeploymentPostprocessing = 0;
		};
/* End PBXResourcesBuildPhase section */

/* Begin PBXSourcesBuildPhase section */
		48F1211C17EB67FF0079ADB0 /* Sources */ = {
			isa = PBXSourcesBuildPhase;
			buildActionMask = 2147483647;
			files = (
				48F1213017EB68000079ADB0 /* main.m in Sources */,
				48F1213717EB68000079ADB0 /* WHOAppDelegate.m in Sources */,
				48F1215917EB68820079ADB0 /* SSYWindowHangout.m in Sources */,
			);
			runOnlyForDeploymentPostprocessing = 0;
		};
		48F1213D17EB68000079ADB0 /* Sources */ = {
			isa = PBXSourcesBuildPhase;
			buildActionMask = 2147483647;
			files = (
			);
			runOnlyForDeploymentPostprocessing = 0;
		};
/* End PBXSourcesBuildPhase section */

/* Begin PBXTargetDependency section */
		48F1214617EB68000079ADB0 /* PBXTargetDependency */ = {
			isa = PBXTargetDependency;
			target = 48F1211F17EB67FF0079ADB0 /* SSYWindowHangoutDemo */;
			targetProxy = 48F1214517EB68000079ADB0 /* PBXContainerItemProxy */;
		};
/* End PBXTargetDependency section */

/* Begin PBXVariantGroup section */
		48F1212C17EB67FF0079ADB0 /* InfoPlist.strings */ = {
			isa = PBXVariantGroup;
			children = (
				48F1212D17EB67FF0079ADB0 /* en */,
			);
			name = InfoPlist.strings;
			sourceTree = "<group>";
		};
/* End PBXVariantGroup section */

/* Begin XCBuildConfiguration section */
		48F1214F17EB68000079ADB0 /* Debug */ = {
			isa = XCBuildConfiguration;
			buildSettings = {
				ALWAYS_SEARCH_USER_PATHS = NO;
				CLANG_CXX_LANGUAGE_STANDARD = "gnu++0x";
				CLANG_CXX_LIBRARY = "libc++";
				CLANG_ENABLE_OBJC_ARC = NO;
				CLANG_WARN_BOOL_CONVERSION = YES;
				CLANG_WARN_CONSTANT_CONVERSION = YES;
				CLANG_WARN_DIRECT_OBJC_ISA_USAGE = YES_ERROR;
				CLANG_WARN_EMPTY_BODY = YES;
				CLANG_WARN_ENUM_CONVERSION = YES;
				CLANG_WARN_INT_CONVERSION = YES;
				CLANG_WARN_OBJC_ROOT_CLASS = YES_ERROR;
				CLANG_WARN__DUPLICATE_METHOD_MATCH = YES;
				COPY_PHASE_STRIP = NO;
				GCC_C_LANGUAGE_STANDARD = gnu99;
				GCC_DYNAMIC_NO_PIC = NO;
				GCC_ENABLE_OBJC_EXCEPTIONS = YES;
				GCC_OPTIMIZATION_LEVEL = 0;
				GCC_PREPROCESSOR_DEFINITIONS = (
					"DEBUG=1",
					"$(inherited)",
				);
				GCC_SYMBOLS_PRIVATE_EXTERN = NO;
				GCC_WARN_64_TO_32_BIT_CONVERSION = YES;
				GCC_WARN_ABOUT_RETURN_TYPE = YES_ERROR;
				GCC_WARN_UNDECLARED_SELECTOR = YES;
				GCC_WARN_UNINITIALIZED_AUTOS = YES;
				GCC_WARN_UNUSED_FUNCTION = YES;
				GCC_WARN_UNUSED_VARIABLE = YES;
				MACOSX_DEPLOYMENT_TARGET = 10.8;
				ONLY_ACTIVE_ARCH = YES;
				SDKROOT = macosx;
			};
			name = Debug;
		};
		48F1215017EB68000079ADB0 /* Release */ = {
			isa = XCBuildConfiguration;
			buildSettings = {
				ALWAYS_SEARCH_USER_PATHS = NO;
				CLANG_CXX_LANGUAGE_STANDARD = "gnu++0x";
				CLANG_CXX_LIBRARY = "libc++";
				CLANG_ENABLE_OBJC_ARC = NO;
				CLANG_WARN_BOOL_CONVERSION = YES;
				CLANG_WARN_CONSTANT_CONVERSION = YES;
				CLANG_WARN_DIRECT_OBJC_ISA_USAGE = YES_ERROR;
				CLANG_WARN_EMPTY_BODY = YES;
				CLANG_WARN_ENUM_CONVERSION = YES;
				CLANG_WARN_INT_CONVERSION = YES;
				CLANG_WARN_OBJC_ROOT_CLASS = YES_ERROR;
				CLANG_WARN__DUPLICATE_METHOD_MATCH = YES;
				COPY_PHASE_STRIP = YES;
				DEBUG_INFORMATION_FORMAT = "dwarf-with-dsym";
				ENABLE_NS_ASSERTIONS = NO;
				GCC_C_LANGUAGE_STANDARD = gnu99;
				GCC_ENABLE_OBJC_EXCEPTIONS = YES;
				GCC_WARN_64_TO_32_BIT_CONVERSION = YES;
				GCC_WARN_ABOUT_RETURN_TYPE = YES_ERROR;
				GCC_WARN_UNDECLARED_SELECTOR = YES;
				GCC_WARN_UNINITIALIZED_AUTOS = YES;
				GCC_WARN_UNUSED_FUNCTION = YES;
				GCC_WARN_UNUSED_VARIABLE = YES;
				MACOSX_DEPLOYMENT_TARGET = 10.8;
				SDKROOT = macosx;
			};
			name = Release;
		};
		48F1215217EB68000079ADB0 /* Debug */ = {
			isa = XCBuildConfiguration;
			buildSettings = {
				ASSETCATALOG_COMPILER_APPICON_NAME = AppIcon;
				COMBINE_HIDPI_IMAGES = YES;
				GCC_PRECOMPILE_PREFIX_HEADER = YES;
				GCC_PREFIX_HEADER = "SSYWindowHangoutDemo/SSYWindowHangoutDemo-Prefix.pch";
				INFOPLIST_FILE = "SSYWindowHangoutDemo/SSYWindowHangoutDemo-Info.plist";
				PRODUCT_NAME = "$(TARGET_NAME)";
				WRAPPER_EXTENSION = app;
			};
			name = Debug;
		};
		48F1215317EB68000079ADB0 /* Release */ = {
			isa = XCBuildConfiguration;
			buildSettings = {
				ASSETCATALOG_COMPILER_APPICON_NAME = AppIcon;
				COMBINE_HIDPI_IMAGES = YES;
				GCC_PRECOMPILE_PREFIX_HEADER = YES;
				GCC_PREFIX_HEADER = "SSYWindowHangoutDemo/SSYWindowHangoutDemo-Prefix.pch";
				INFOPLIST_FILE = "SSYWindowHangoutDemo/SSYWindowHangoutDemo-Info.plist";
				PRODUCT_NAME = "$(TARGET_NAME)";
				WRAPPER_EXTENSION = app;
			};
			name = Release;
		};
		48F1215517EB68000079ADB0 /* Debug */ = {
			isa = XCBuildConfiguration;
			buildSettings = {
				BUNDLE_LOADER = "$(BUILT_PRODUCTS_DIR)/SSYWindowHangoutDemo.app/Contents/MacOS/SSYWindowHangoutDemo";
				COMBINE_HIDPI_IMAGES = YES;
				FRAMEWORK_SEARCH_PATHS = (
					"$(DEVELOPER_FRAMEWORKS_DIR)",
					"$(inherited)",
				);
				GCC_PRECOMPILE_PREFIX_HEADER = YES;
				GCC_PREFIX_HEADER = "SSYWindowHangoutDemo/SSYWindowHangoutDemo-Prefix.pch";
				GCC_PREPROCESSOR_DEFINITIONS = (
					"DEBUG=1",
					"$(inherited)",
				);
				INFOPLIST_FILE = "SSYWindowHangoutDemoTests/SSYWindowHangoutDemoTests-Info.plist";
				PRODUCT_NAME = "$(TARGET_NAME)";
				TEST_HOST = "$(BUNDLE_LOADER)";
				WRAPPER_EXTENSION = xctest;
			};
			name = Debug;
		};
		48F1215617EB68000079ADB0 /* Release */ = {
			isa = XCBuildConfiguration;
			buildSettings = {
				BUNDLE_LOADER = "$(BUILT_PRODUCTS_DIR)/SSYWindowHangoutDemo.app/Contents/MacOS/SSYWindowHangoutDemo";
				COMBINE_HIDPI_IMAGES = YES;
				FRAMEWORK_SEARCH_PATHS = (
					"$(DEVELOPER_FRAMEWORKS_DIR)",
					"$(inherited)",
				);
				GCC_PRECOMPILE_PREFIX_HEADER = YES;
				GCC_PREFIX_HEADER = "SSYWindowHangoutDemo/SSYWindowHangoutDemo-Prefix.pch";
				INFOPLIST_FILE = "SSYWindowHangoutDemoTests/SSYWindowHangoutDemoTests-Info.plist";
				PRODUCT_NAME = "$(TARGET_NAME)";
				TEST_HOST = "$(BUNDLE_LOADER)";
				WRAPPER_EXTENSION = xctest;
			};
			name = Release;
		};
/* End XCBuildConfiguration section */

/* Begin XCConfigurationList section */
		48F1211B17EB67FF0079ADB0 /* Build configuration list for PBXProject "SSYWindowHangoutDemo" */ = {
			isa = XCConfigurationList;
			buildConfigurations = (
				48F1214F17EB68000079ADB0 /* Debug */,
				48F1215017EB68000079ADB0 /* Release */,
			);
			defaultConfigurationIsVisible = 0;
			defaultConfigurationName = Release;
		};
		48F1215117EB68000079ADB0 /* Build configuration list for PBXNativeTarget "SSYWindowHangoutDemo" */ = {
			isa = XCConfigurationList;
			buildConfigurations = (
				48F1215217EB68000079ADB0 /* Debug */,
				48F1215317EB68000079ADB0 /* Release */,
			);
			defaultConfigurationIsVisible = 0;
			defaultConfigurationName = Release;
		};
		48F1215417EB68000079ADB0 /* Build configuration list for PBXNativeTarget "SSYWindowHangoutDemoTests" */ = {
			isa = XCConfigurationList;
			buildConfigurations = (
				48F1215517EB68000079ADB0 /* Debug */,
				48F1215617EB68000079ADB0 /* Release */,
			);
			defaultConfigurationIsVisible = 0;
			defaultConfigurationName = Release;
		};
/* End XCConfigurationList section */
	};
	rootObject = 48F1211817EB67FF0079ADB0 /* Project object */;
}
